// !$*UTF8*$!
{
	archiveVersion = 1;
	classes = {
	};
	objectVersion = 46;
	objects = {

/* Begin PBXBuildFile section */
		360DD1780B244FD4AFB37684 /* libPods-loveWeather.a in Frameworks */ = {isa = PBXBuildFile; fileRef = FAEDE4865EF7424189924365 /* libPods-loveWeather.a */; };
		9802650C18DFE452000A85EF /* UIImage+Additions.m in Sources */ = {isa = PBXBuildFile; fileRef = 9802650B18DFE452000A85EF /* UIImage+Additions.m */; };
		9802651118DFE628000A85EF /* LWAirTableViewCell.m in Sources */ = {isa = PBXBuildFile; fileRef = 9802650F18DFE628000A85EF /* LWAirTableViewCell.m */; };
		9802651218DFE628000A85EF /* LWAirTableViewCell.xib in Resources */ = {isa = PBXBuildFile; fileRef = 9802651018DFE628000A85EF /* LWAirTableViewCell.xib */; };
		981A18C918BE0B7400B0CF75 /* Foundation.framework in Frameworks */ = {isa = PBXBuildFile; fileRef = 981A18C818BE0B7400B0CF75 /* Foundation.framework */; };
		981A18CB18BE0B7400B0CF75 /* CoreGraphics.framework in Frameworks */ = {isa = PBXBuildFile; fileRef = 981A18CA18BE0B7400B0CF75 /* CoreGraphics.framework */; };
		981A18CD18BE0B7400B0CF75 /* UIKit.framework in Frameworks */ = {isa = PBXBuildFile; fileRef = 981A18CC18BE0B7400B0CF75 /* UIKit.framework */; };
		981A18CF18BE0B7400B0CF75 /* CoreData.framework in Frameworks */ = {isa = PBXBuildFile; fileRef = 981A18CE18BE0B7400B0CF75 /* CoreData.framework */; };
		981A18D518BE0B7400B0CF75 /* InfoPlist.strings in Resources */ = {isa = PBXBuildFile; fileRef = 981A18D318BE0B7400B0CF75 /* InfoPlist.strings */; };
		981A18D718BE0B7400B0CF75 /* main.m in Sources */ = {isa = PBXBuildFile; fileRef = 981A18D618BE0B7400B0CF75 /* main.m */; };
		981A18DB18BE0B7400B0CF75 /* LWAppDelegate.m in Sources */ = {isa = PBXBuildFile; fileRef = 981A18DA18BE0B7400B0CF75 /* LWAppDelegate.m */; };
		981A18DE18BE0B7400B0CF75 /* loveWeather.xcdatamodeld in Sources */ = {isa = PBXBuildFile; fileRef = 981A18DC18BE0B7400B0CF75 /* loveWeather.xcdatamodeld */; };
		981A18E018BE0B7500B0CF75 /* Images.xcassets in Resources */ = {isa = PBXBuildFile; fileRef = 981A18DF18BE0B7500B0CF75 /* Images.xcassets */; };
		981A18E718BE0B7500B0CF75 /* XCTest.framework in Frameworks */ = {isa = PBXBuildFile; fileRef = 981A18E618BE0B7500B0CF75 /* XCTest.framework */; };
		981A18E818BE0B7500B0CF75 /* Foundation.framework in Frameworks */ = {isa = PBXBuildFile; fileRef = 981A18C818BE0B7400B0CF75 /* Foundation.framework */; };
		981A18E918BE0B7500B0CF75 /* UIKit.framework in Frameworks */ = {isa = PBXBuildFile; fileRef = 981A18CC18BE0B7400B0CF75 /* UIKit.framework */; };
		981A18EA18BE0B7500B0CF75 /* CoreData.framework in Frameworks */ = {isa = PBXBuildFile; fileRef = 981A18CE18BE0B7400B0CF75 /* CoreData.framework */; };
		981A18F218BE0B7500B0CF75 /* InfoPlist.strings in Resources */ = {isa = PBXBuildFile; fileRef = 981A18F018BE0B7500B0CF75 /* InfoPlist.strings */; };
		981A18F418BE0B7500B0CF75 /* loveWeatherTests.m in Sources */ = {isa = PBXBuildFile; fileRef = 981A18F318BE0B7500B0CF75 /* loveWeatherTests.m */; };
		982B17B318E3BDA200EF9CF2 /* LWTableViewController.m in Sources */ = {isa = PBXBuildFile; fileRef = 982B17B218E3BDA200EF9CF2 /* LWTableViewController.m */; };
		982B17B718E3C7CD00EF9CF2 /* LWAboutViewController.m in Sources */ = {isa = PBXBuildFile; fileRef = 982B17B518E3C7CD00EF9CF2 /* LWAboutViewController.m */; };
		982B17B818E3C7CD00EF9CF2 /* LWAboutViewController.xib in Resources */ = {isa = PBXBuildFile; fileRef = 982B17B618E3C7CD00EF9CF2 /* LWAboutViewController.xib */; };
		982B17BB18E422F700EF9CF2 /* LWRefreshTableHeaderView.m in Sources */ = {isa = PBXBuildFile; fileRef = 982B17BA18E422F700EF9CF2 /* LWRefreshTableHeaderView.m */; };
		9834C43A1932F1B00015BAB7 /* StoreKit.framework in Frameworks */ = {isa = PBXBuildFile; fileRef = 9834C4391932F1B00015BAB7 /* StoreKit.framework */; };
		9834C43C1932F1C00015BAB7 /* PassKit.framework in Frameworks */ = {isa = PBXBuildFile; fileRef = 9834C43B1932F1C00015BAB7 /* PassKit.framework */; };
		98386C3F18E18E1C00F60899 /* LWDataManager.m in Sources */ = {isa = PBXBuildFile; fileRef = 98386C3E18E18E1C00F60899 /* LWDataManager.m */; };
		98386C4B18E1A47F00F60899 /* LWCitySearchController.m in Sources */ = {isa = PBXBuildFile; fileRef = 98386C4918E1A47F00F60899 /* LWCitySearchController.m */; };
		98386C4C18E1A47F00F60899 /* LWCitySearchController.xib in Resources */ = {isa = PBXBuildFile; fileRef = 98386C4A18E1A47F00F60899 /* LWCitySearchController.xib */; };
		98386C5118E2E49100F60899 /* LWCitiesManagerViewController.m in Sources */ = {isa = PBXBuildFile; fileRef = 98386C4F18E2E49100F60899 /* LWCitiesManagerViewController.m */; };
		984B24CA18EE680800C9E795 /* LWReminderTableViewController.m in Sources */ = {isa = PBXBuildFile; fileRef = 984B24C918EE680800C9E795 /* LWReminderTableViewController.m */; };
		9857A7C319FFC0890027C9A3 /* LWTaoBaoCell.m in Sources */ = {isa = PBXBuildFile; fileRef = 9857A7C119FFC0890027C9A3 /* LWTaoBaoCell.m */; };
		9857A7C419FFC0890027C9A3 /* LWTaoBaoCell.xib in Resources */ = {isa = PBXBuildFile; fileRef = 9857A7C219FFC0890027C9A3 /* LWTaoBaoCell.xib */; };
		9866B3E019F7E20200E7144E /* LWWebViewController.m in Sources */ = {isa = PBXBuildFile; fileRef = 9866B3DE19F7E20200E7144E /* LWWebViewController.m */; };
		9866B3E119F7E20200E7144E /* LWWebViewController.xib in Resources */ = {isa = PBXBuildFile; fileRef = 9866B3DF19F7E20200E7144E /* LWWebViewController.xib */; };
		988089C118D7FF4600332C6A /* LWPullRefreshTableViewController.m in Sources */ = {isa = PBXBuildFile; fileRef = 988089C018D7FF4600332C6A /* LWPullRefreshTableViewController.m */; };
		988089C518D814D300332C6A /* NSObject+NSJSONSerialization.m in Sources */ = {isa = PBXBuildFile; fileRef = 988089C418D814D300332C6A /* NSObject+NSJSONSerialization.m */; };
		988089CB18D84C9800332C6A /* LWWeaterModel.m in Sources */ = {isa = PBXBuildFile; fileRef = 988089CA18D84C9800332C6A /* LWWeaterModel.m */; };
		988089CE18D974D000332C6A /* LWWeatherConditionView.m in Sources */ = {isa = PBXBuildFile; fileRef = 988089CD18D974D000332C6A /* LWWeatherConditionView.m */; };
		989A89F818E0231200055237 /* LWIndexTableViewCell.m in Sources */ = {isa = PBXBuildFile; fileRef = 989A89F618E0231200055237 /* LWIndexTableViewCell.m */; };
		989A89F918E0231200055237 /* LWIndexTableViewCell.xib in Resources */ = {isa = PBXBuildFile; fileRef = 989A89F718E0231200055237 /* LWIndexTableViewCell.xib */; };
		989A89FD18E0303900055237 /* LWForecastTableViewCell.m in Sources */ = {isa = PBXBuildFile; fileRef = 989A89FB18E0303900055237 /* LWForecastTableViewCell.m */; };
		989A89FE18E0303900055237 /* LWForecastTableViewCell.xib in Resources */ = {isa = PBXBuildFile; fileRef = 989A89FC18E0303900055237 /* LWForecastTableViewCell.xib */; };
		989A8A4218E1354C00055237 /* AudioToolbox.framework in Frameworks */ = {isa = PBXBuildFile; fileRef = 989A8A4118E1354C00055237 /* AudioToolbox.framework */; };
		989A8A4418E1355600055237 /* MessageUI.framework in Frameworks */ = {isa = PBXBuildFile; fileRef = 989A8A4318E1355600055237 /* MessageUI.framework */; };
		989A8A4618E1356F00055237 /* SystemConfiguration.framework in Frameworks */ = {isa = PBXBuildFile; fileRef = 989A8A4518E1356F00055237 /* SystemConfiguration.framework */; };
		989A8A4818E136FE00055237 /* AVFoundation.framework in Frameworks */ = {isa = PBXBuildFile; fileRef = 989A8A4718E136FE00055237 /* AVFoundation.framework */; };
		989A8A4A18E1374800055237 /* CoreAudio.framework in Frameworks */ = {isa = PBXBuildFile; fileRef = 989A8A4918E1374800055237 /* CoreAudio.framework */; };
		98B54DDB18E974B6007ECD40 /* LWTextView.m in Sources */ = {isa = PBXBuildFile; fileRef = 98B54DDA18E974B6007ECD40 /* LWTextView.m */; };
		98BB090E1915F16A007CBC52 /* DomobAdSDKBundle.bundle in Resources */ = {isa = PBXBuildFile; fileRef = 98BB090C1915F16A007CBC52 /* DomobAdSDKBundle.bundle */; };
		98BB090F1915F16A007CBC52 /* libDomobAdSDK.a in Frameworks */ = {isa = PBXBuildFile; fileRef = 98BB090D1915F16A007CBC52 /* libDomobAdSDK.a */; };
		98BB09111915F1BC007CBC52 /* Security.framework in Frameworks */ = {isa = PBXBuildFile; fileRef = 98BB09101915F1BC007CBC52 /* Security.framework */; };
		98BB09131915F1CA007CBC52 /* CoreTelephony.framework in Frameworks */ = {isa = PBXBuildFile; fileRef = 98BB09121915F1CA007CBC52 /* CoreTelephony.framework */; };
		98BB09151915F1DF007CBC52 /* CFNetwork.framework in Frameworks */ = {isa = PBXBuildFile; fileRef = 98BB09141915F1DF007CBC52 /* CFNetwork.framework */; };
		98BB09171915F1F2007CBC52 /* MobileCoreServices.framework in Frameworks */ = {isa = PBXBuildFile; fileRef = 98BB09161915F1F2007CBC52 /* MobileCoreServices.framework */; };
		98BB09191915F1FF007CBC52 /* libz.dylib in Frameworks */ = {isa = PBXBuildFile; fileRef = 98BB09181915F1FF007CBC52 /* libz.dylib */; };
		98BB091B1915F20D007CBC52 /* CoreMedia.framework in Frameworks */ = {isa = PBXBuildFile; fileRef = 98BB091A1915F20D007CBC52 /* CoreMedia.framework */; };
		98BB091D1915F21D007CBC52 /* MediaPlayer.framework in Frameworks */ = {isa = PBXBuildFile; fileRef = 98BB091C1915F21D007CBC52 /* MediaPlayer.framework */; };
		98BB091F1915F236007CBC52 /* QuartzCore.framework in Frameworks */ = {isa = PBXBuildFile; fileRef = 98BB091E1915F236007CBC52 /* QuartzCore.framework */; };
		98BB09211915F242007CBC52 /* CoreText.framework in Frameworks */ = {isa = PBXBuildFile; fileRef = 98BB09201915F242007CBC52 /* CoreText.framework */; };
		98BB09231915F24E007CBC52 /* AdSupport.framework in Frameworks */ = {isa = PBXBuildFile; fileRef = 98BB09221915F24E007CBC52 /* AdSupport.framework */; };
		98BB09251915F25D007CBC52 /* CoreLocation.framework in Frameworks */ = {isa = PBXBuildFile; fileRef = 98BB09241915F25D007CBC52 /* CoreLocation.framework */; };
		98BB09291915F28A007CBC52 /* Social.framework in Frameworks */ = {isa = PBXBuildFile; fileRef = 98BB09281915F28A007CBC52 /* Social.framework */; };
		98BB092B1915F295007CBC52 /* EventKit.framework in Frameworks */ = {isa = PBXBuildFile; fileRef = 98BB092A1915F295007CBC52 /* EventKit.framework */; };
		98BB092D1915F2BD007CBC52 /* libsqlite3.dylib in Frameworks */ = {isa = PBXBuildFile; fileRef = 98BB092C1915F2BD007CBC52 /* libsqlite3.dylib */; };
		98BD1AB31900E39D0049843E /* ios-social-sdk-shake.html in Resources */ = {isa = PBXBuildFile; fileRef = 98BD1AAA1900E39D0049843E /* ios-social-sdk-shake.html */; };
		98BD1AB41900E39D0049843E /* libUMSocial_Sdk_ScreenShot_1.0.a in Frameworks */ = {isa = PBXBuildFile; fileRef = 98BD1AAB1900E39D0049843E /* libUMSocial_Sdk_ScreenShot_1.0.a */; };
		98BD1AB51900E39D0049843E /* libSocialWechat.a in Frameworks */ = {isa = PBXBuildFile; fileRef = 98BD1AAE1900E39D0049843E /* libSocialWechat.a */; };
		98BD1AB61900E39D0049843E /* libWeChatSDK.a in Frameworks */ = {isa = PBXBuildFile; fileRef = 98BD1AAF1900E39D0049843E /* libWeChatSDK.a */; };
		98BD1AB9190100C40049843E /* EGORefreshTableHeaderView.m in Sources */ = {isa = PBXBuildFile; fileRef = 98BD1AB8190100C40049843E /* EGORefreshTableHeaderView.m */; settings = {COMPILER_FLAGS = "-fno-objc-arc"; }; };
		98EE2FCF18C471AB0096D962 /* LWMenuViewController.m in Sources */ = {isa = PBXBuildFile; fileRef = 98EE2FCE18C471AB0096D962 /* LWMenuViewController.m */; };
		98EE2FDB18C4A3600096D962 /* AGNavigationController.m in Sources */ = {isa = PBXBuildFile; fileRef = 98EE2FD618C4A3600096D962 /* AGNavigationController.m */; };
		98EE2FDD18C4A3600096D962 /* AGViewController.m in Sources */ = {isa = PBXBuildFile; fileRef = 98EE2FDA18C4A3600096D962 /* AGViewController.m */; };
		98EE2FE218C4B1B00096D962 /* MSMenuCell.m in Sources */ = {isa = PBXBuildFile; fileRef = 98EE2FDF18C4B1B00096D962 /* MSMenuCell.m */; };
		98EE2FE318C4B1B00096D962 /* MSMenuTableViewHeader.m in Sources */ = {isa = PBXBuildFile; fileRef = 98EE2FE118C4B1B00096D962 /* MSMenuTableViewHeader.m */; };
		A0CEFF081990AFC100D0B32E /* libXG-SDK.a in Frameworks */ = {isa = PBXBuildFile; fileRef = A0CEFF051990AFC100D0B32E /* libXG-SDK.a */; };
		A0CEFF091990AFC100D0B32E /* ReleaseNotes.txt in Resources */ = {isa = PBXBuildFile; fileRef = A0CEFF061990AFC100D0B32E /* ReleaseNotes.txt */; };
/* End PBXBuildFile section */

/* Begin PBXContainerItemProxy section */
		981A18EB18BE0B7500B0CF75 /* PBXContainerItemProxy */ = {
			isa = PBXContainerItemProxy;
			containerPortal = 981A18BD18BE0B7400B0CF75 /* Project object */;
			proxyType = 1;
			remoteGlobalIDString = 981A18C418BE0B7400B0CF75;
			remoteInfo = loveWeather;
		};
/* End PBXContainerItemProxy section */

/* Begin PBXFileReference section */
		9802650A18DFE452000A85EF /* UIImage+Additions.h */ = {isa = PBXFileReference; fileEncoding = 4; lastKnownFileType = sourcecode.c.h; path = "UIImage+Additions.h"; sourceTree = "<group>"; };
		9802650B18DFE452000A85EF /* UIImage+Additions.m */ = {isa = PBXFileReference; fileEncoding = 4; lastKnownFileType = sourcecode.c.objc; path = "UIImage+Additions.m"; sourceTree = "<group>"; };
		9802650E18DFE628000A85EF /* LWAirTableViewCell.h */ = {isa = PBXFileReference; fileEncoding = 4; lastKnownFileType = sourcecode.c.h; path = LWAirTableViewCell.h; sourceTree = "<group>"; };
		9802650F18DFE628000A85EF /* LWAirTableViewCell.m */ = {isa = PBXFileReference; fileEncoding = 4; lastKnownFileType = sourcecode.c.objc; path = LWAirTableViewCell.m; sourceTree = "<group>"; };
		9802651018DFE628000A85EF /* LWAirTableViewCell.xib */ = {isa = PBXFileReference; fileEncoding = 4; lastKnownFileType = file.xib; path = LWAirTableViewCell.xib; sourceTree = "<group>"; };
		981A18C518BE0B7400B0CF75 /* loveWeather.app */ = {isa = PBXFileReference; explicitFileType = wrapper.application; includeInIndex = 0; path = loveWeather.app; sourceTree = BUILT_PRODUCTS_DIR; };
		981A18C818BE0B7400B0CF75 /* Foundation.framework */ = {isa = PBXFileReference; lastKnownFileType = wrapper.framework; name = Foundation.framework; path = System/Library/Frameworks/Foundation.framework; sourceTree = SDKROOT; };
		981A18CA18BE0B7400B0CF75 /* CoreGraphics.framework */ = {isa = PBXFileReference; lastKnownFileType = wrapper.framework; name = CoreGraphics.framework; path = System/Library/Frameworks/CoreGraphics.framework; sourceTree = SDKROOT; };
		981A18CC18BE0B7400B0CF75 /* UIKit.framework */ = {isa = PBXFileReference; lastKnownFileType = wrapper.framework; name = UIKit.framework; path = System/Library/Frameworks/UIKit.framework; sourceTree = SDKROOT; };
		981A18CE18BE0B7400B0CF75 /* CoreData.framework */ = {isa = PBXFileReference; lastKnownFileType = wrapper.framework; name = CoreData.framework; path = System/Library/Frameworks/CoreData.framework; sourceTree = SDKROOT; };
		981A18D218BE0B7400B0CF75 /* loveWeather-Info.plist */ = {isa = PBXFileReference; lastKnownFileType = text.plist.xml; path = "loveWeather-Info.plist"; sourceTree = "<group>"; };
		981A18D418BE0B7400B0CF75 /* en */ = {isa = PBXFileReference; lastKnownFileType = text.plist.strings; name = en; path = en.lproj/InfoPlist.strings; sourceTree = "<group>"; };
		981A18D618BE0B7400B0CF75 /* main.m */ = {isa = PBXFileReference; lastKnownFileType = sourcecode.c.objc; path = main.m; sourceTree = "<group>"; };
		981A18D818BE0B7400B0CF75 /* loveWeather-Prefix.pch */ = {isa = PBXFileReference; lastKnownFileType = sourcecode.c.h; path = "loveWeather-Prefix.pch"; sourceTree = "<group>"; };
		981A18D918BE0B7400B0CF75 /* LWAppDelegate.h */ = {isa = PBXFileReference; lastKnownFileType = sourcecode.c.h; path = LWAppDelegate.h; sourceTree = "<group>"; };
		981A18DA18BE0B7400B0CF75 /* LWAppDelegate.m */ = {isa = PBXFileReference; lastKnownFileType = sourcecode.c.objc; path = LWAppDelegate.m; sourceTree = "<group>"; };
		981A18DD18BE0B7400B0CF75 /* loveWeather.xcdatamodel */ = {isa = PBXFileReference; lastKnownFileType = wrapper.xcdatamodel; path = loveWeather.xcdatamodel; sourceTree = "<group>"; };
		981A18DF18BE0B7500B0CF75 /* Images.xcassets */ = {isa = PBXFileReference; lastKnownFileType = folder.assetcatalog; path = Images.xcassets; sourceTree = "<group>"; };
		981A18E518BE0B7500B0CF75 /* loveWeatherTests.xctest */ = {isa = PBXFileReference; explicitFileType = wrapper.cfbundle; includeInIndex = 0; path = loveWeatherTests.xctest; sourceTree = BUILT_PRODUCTS_DIR; };
		981A18E618BE0B7500B0CF75 /* XCTest.framework */ = {isa = PBXFileReference; lastKnownFileType = wrapper.framework; name = XCTest.framework; path = Library/Frameworks/XCTest.framework; sourceTree = DEVELOPER_DIR; };
		981A18EF18BE0B7500B0CF75 /* loveWeatherTests-Info.plist */ = {isa = PBXFileReference; lastKnownFileType = text.plist.xml; path = "loveWeatherTests-Info.plist"; sourceTree = "<group>"; };
		981A18F118BE0B7500B0CF75 /* en */ = {isa = PBXFileReference; lastKnownFileType = text.plist.strings; name = en; path = en.lproj/InfoPlist.strings; sourceTree = "<group>"; };
		981A18F318BE0B7500B0CF75 /* loveWeatherTests.m */ = {isa = PBXFileReference; lastKnownFileType = sourcecode.c.objc; path = loveWeatherTests.m; sourceTree = "<group>"; };
		982B17B118E3BDA200EF9CF2 /* LWTableViewController.h */ = {isa = PBXFileReference; fileEncoding = 4; lastKnownFileType = sourcecode.c.h; path = LWTableViewController.h; sourceTree = "<group>"; };
		982B17B218E3BDA200EF9CF2 /* LWTableViewController.m */ = {isa = PBXFileReference; fileEncoding = 4; lastKnownFileType = sourcecode.c.objc; path = LWTableViewController.m; sourceTree = "<group>"; };
		982B17B418E3C7CD00EF9CF2 /* LWAboutViewController.h */ = {isa = PBXFileReference; fileEncoding = 4; lastKnownFileType = sourcecode.c.h; path = LWAboutViewController.h; sourceTree = "<group>"; };
		982B17B518E3C7CD00EF9CF2 /* LWAboutViewController.m */ = {isa = PBXFileReference; fileEncoding = 4; lastKnownFileType = sourcecode.c.objc; path = LWAboutViewController.m; sourceTree = "<group>"; };
		982B17B618E3C7CD00EF9CF2 /* LWAboutViewController.xib */ = {isa = PBXFileReference; fileEncoding = 4; lastKnownFileType = file.xib; path = LWAboutViewController.xib; sourceTree = "<group>"; };
		982B17B918E422F700EF9CF2 /* LWRefreshTableHeaderView.h */ = {isa = PBXFileReference; fileEncoding = 4; lastKnownFileType = sourcecode.c.h; path = LWRefreshTableHeaderView.h; sourceTree = "<group>"; };
		982B17BA18E422F700EF9CF2 /* LWRefreshTableHeaderView.m */ = {isa = PBXFileReference; fileEncoding = 4; lastKnownFileType = sourcecode.c.objc; path = LWRefreshTableHeaderView.m; sourceTree = "<group>"; };
		9834C4381932F18B0015BAB7 /* loveWeather.entitlements */ = {isa = PBXFileReference; lastKnownFileType = text.xml; path = loveWeather.entitlements; sourceTree = "<group>"; };
		9834C4391932F1B00015BAB7 /* StoreKit.framework */ = {isa = PBXFileReference; lastKnownFileType = wrapper.framework; name = StoreKit.framework; path = System/Library/Frameworks/StoreKit.framework; sourceTree = SDKROOT; };
		9834C43B1932F1C00015BAB7 /* PassKit.framework */ = {isa = PBXFileReference; lastKnownFileType = wrapper.framework; name = PassKit.framework; path = System/Library/Frameworks/PassKit.framework; sourceTree = SDKROOT; };
		98386C3D18E18E1C00F60899 /* LWDataManager.h */ = {isa = PBXFileReference; fileEncoding = 4; lastKnownFileType = sourcecode.c.h; path = LWDataManager.h; sourceTree = "<group>"; };
		98386C3E18E18E1C00F60899 /* LWDataManager.m */ = {isa = PBXFileReference; fileEncoding = 4; lastKnownFileType = sourcecode.c.objc; path = LWDataManager.m; sourceTree = "<group>"; };
		98386C4318E1A34000F60899 /* LWViewController.h */ = {isa = PBXFileReference; fileEncoding = 4; lastKnownFileType = sourcecode.c.h; path = LWViewController.h; sourceTree = "<group>"; };
		98386C4818E1A47F00F60899 /* LWCitySearchController.h */ = {isa = PBXFileReference; fileEncoding = 4; lastKnownFileType = sourcecode.c.h; path = LWCitySearchController.h; sourceTree = "<group>"; };
		98386C4918E1A47F00F60899 /* LWCitySearchController.m */ = {isa = PBXFileReference; fileEncoding = 4; lastKnownFileType = sourcecode.c.objc; path = LWCitySearchController.m; sourceTree = "<group>"; };
		98386C4A18E1A47F00F60899 /* LWCitySearchController.xib */ = {isa = PBXFileReference; fileEncoding = 4; lastKnownFileType = file.xib; path = LWCitySearchController.xib; sourceTree = "<group>"; };
		98386C4E18E2E49100F60899 /* LWCitiesManagerViewController.h */ = {isa = PBXFileReference; fileEncoding = 4; lastKnownFileType = sourcecode.c.h; path = LWCitiesManagerViewController.h; sourceTree = "<group>"; };
		98386C4F18E2E49100F60899 /* LWCitiesManagerViewController.m */ = {isa = PBXFileReference; fileEncoding = 4; lastKnownFileType = sourcecode.c.objc; path = LWCitiesManagerViewController.m; sourceTree = "<group>"; };
		984B24C818EE680800C9E795 /* LWReminderTableViewController.h */ = {isa = PBXFileReference; fileEncoding = 4; lastKnownFileType = sourcecode.c.h; path = LWReminderTableViewController.h; sourceTree = "<group>"; };
		984B24C918EE680800C9E795 /* LWReminderTableViewController.m */ = {isa = PBXFileReference; fileEncoding = 4; lastKnownFileType = sourcecode.c.objc; path = LWReminderTableViewController.m; sourceTree = "<group>"; };
		984B24CE18EEA4B700C9E795 /* zh-Hans */ = {isa = PBXFileReference; lastKnownFileType = text.plist.strings; name = "zh-Hans"; path = "zh-Hans.lproj/InfoPlist.strings"; sourceTree = "<group>"; };
		984B24CF18EEA4B700C9E795 /* zh-Hans */ = {isa = PBXFileReference; lastKnownFileType = text.plist.strings; name = "zh-Hans"; path = "zh-Hans.lproj/InfoPlist.strings"; sourceTree = "<group>"; };
		9857A7C019FFC0890027C9A3 /* LWTaoBaoCell.h */ = {isa = PBXFileReference; fileEncoding = 4; lastKnownFileType = sourcecode.c.h; path = LWTaoBaoCell.h; sourceTree = "<group>"; };
		9857A7C119FFC0890027C9A3 /* LWTaoBaoCell.m */ = {isa = PBXFileReference; fileEncoding = 4; lastKnownFileType = sourcecode.c.objc; path = LWTaoBaoCell.m; sourceTree = "<group>"; };
		9857A7C219FFC0890027C9A3 /* LWTaoBaoCell.xib */ = {isa = PBXFileReference; fileEncoding = 4; lastKnownFileType = file.xib; path = LWTaoBaoCell.xib; sourceTree = "<group>"; };
		9866B3DD19F7E20200E7144E /* LWWebViewController.h */ = {isa = PBXFileReference; fileEncoding = 4; lastKnownFileType = sourcecode.c.h; path = LWWebViewController.h; sourceTree = "<group>"; };
		9866B3DE19F7E20200E7144E /* LWWebViewController.m */ = {isa = PBXFileReference; fileEncoding = 4; lastKnownFileType = sourcecode.c.objc; path = LWWebViewController.m; sourceTree = "<group>"; };
		9866B3DF19F7E20200E7144E /* LWWebViewController.xib */ = {isa = PBXFileReference; fileEncoding = 4; lastKnownFileType = file.xib; path = LWWebViewController.xib; sourceTree = "<group>"; };
		988089BF18D7FF4600332C6A /* LWPullRefreshTableViewController.h */ = {isa = PBXFileReference; fileEncoding = 4; lastKnownFileType = sourcecode.c.h; path = LWPullRefreshTableViewController.h; sourceTree = "<group>"; };
		988089C018D7FF4600332C6A /* LWPullRefreshTableViewController.m */ = {isa = PBXFileReference; fileEncoding = 4; lastKnownFileType = sourcecode.c.objc; path = LWPullRefreshTableViewController.m; sourceTree = "<group>"; };
		988089C318D814D300332C6A /* NSObject+NSJSONSerialization.h */ = {isa = PBXFileReference; fileEncoding = 4; lastKnownFileType = sourcecode.c.h; path = "NSObject+NSJSONSerialization.h"; sourceTree = "<group>"; };
		988089C418D814D300332C6A /* NSObject+NSJSONSerialization.m */ = {isa = PBXFileReference; fileEncoding = 4; lastKnownFileType = sourcecode.c.objc; path = "NSObject+NSJSONSerialization.m"; sourceTree = "<group>"; };
		988089C918D84C9800332C6A /* LWWeaterModel.h */ = {isa = PBXFileReference; fileEncoding = 4; lastKnownFileType = sourcecode.c.h; path = LWWeaterModel.h; sourceTree = "<group>"; };
		988089CA18D84C9800332C6A /* LWWeaterModel.m */ = {isa = PBXFileReference; fileEncoding = 4; lastKnownFileType = sourcecode.c.objc; path = LWWeaterModel.m; sourceTree = "<group>"; };
		988089CC18D974D000332C6A /* LWWeatherConditionView.h */ = {isa = PBXFileReference; fileEncoding = 4; lastKnownFileType = sourcecode.c.h; path = LWWeatherConditionView.h; sourceTree = "<group>"; };
		988089CD18D974D000332C6A /* LWWeatherConditionView.m */ = {isa = PBXFileReference; fileEncoding = 4; lastKnownFileType = sourcecode.c.objc; path = LWWeatherConditionView.m; sourceTree = "<group>"; };
		989A89F518E0231200055237 /* LWIndexTableViewCell.h */ = {isa = PBXFileReference; fileEncoding = 4; lastKnownFileType = sourcecode.c.h; path = LWIndexTableViewCell.h; sourceTree = "<group>"; };
		989A89F618E0231200055237 /* LWIndexTableViewCell.m */ = {isa = PBXFileReference; fileEncoding = 4; lastKnownFileType = sourcecode.c.objc; path = LWIndexTableViewCell.m; sourceTree = "<group>"; };
		989A89F718E0231200055237 /* LWIndexTableViewCell.xib */ = {isa = PBXFileReference; fileEncoding = 4; lastKnownFileType = file.xib; path = LWIndexTableViewCell.xib; sourceTree = "<group>"; };
		989A89FA18E0303900055237 /* LWForecastTableViewCell.h */ = {isa = PBXFileReference; fileEncoding = 4; lastKnownFileType = sourcecode.c.h; path = LWForecastTableViewCell.h; sourceTree = "<group>"; };
		989A89FB18E0303900055237 /* LWForecastTableViewCell.m */ = {isa = PBXFileReference; fileEncoding = 4; lastKnownFileType = sourcecode.c.objc; path = LWForecastTableViewCell.m; sourceTree = "<group>"; };
		989A89FC18E0303900055237 /* LWForecastTableViewCell.xib */ = {isa = PBXFileReference; fileEncoding = 4; lastKnownFileType = file.xib; path = LWForecastTableViewCell.xib; sourceTree = "<group>"; };
		989A8A4118E1354C00055237 /* AudioToolbox.framework */ = {isa = PBXFileReference; lastKnownFileType = wrapper.framework; name = AudioToolbox.framework; path = System/Library/Frameworks/AudioToolbox.framework; sourceTree = SDKROOT; };
		989A8A4318E1355600055237 /* MessageUI.framework */ = {isa = PBXFileReference; lastKnownFileType = wrapper.framework; name = MessageUI.framework; path = System/Library/Frameworks/MessageUI.framework; sourceTree = SDKROOT; };
		989A8A4518E1356F00055237 /* SystemConfiguration.framework */ = {isa = PBXFileReference; lastKnownFileType = wrapper.framework; name = SystemConfiguration.framework; path = System/Library/Frameworks/SystemConfiguration.framework; sourceTree = SDKROOT; };
		989A8A4718E136FE00055237 /* AVFoundation.framework */ = {isa = PBXFileReference; lastKnownFileType = wrapper.framework; name = AVFoundation.framework; path = System/Library/Frameworks/AVFoundation.framework; sourceTree = SDKROOT; };
		989A8A4918E1374800055237 /* CoreAudio.framework */ = {isa = PBXFileReference; lastKnownFileType = wrapper.framework; name = CoreAudio.framework; path = System/Library/Frameworks/CoreAudio.framework; sourceTree = SDKROOT; };
		98B54DD918E974B6007ECD40 /* LWTextView.h */ = {isa = PBXFileReference; fileEncoding = 4; lastKnownFileType = sourcecode.c.h; path = LWTextView.h; sourceTree = "<group>"; };
		98B54DDA18E974B6007ECD40 /* LWTextView.m */ = {isa = PBXFileReference; fileEncoding = 4; lastKnownFileType = sourcecode.c.objc; path = LWTextView.m; sourceTree = "<group>"; };
		98BB09051915F16A007CBC52 /* DMAdView.h */ = {isa = PBXFileReference; fileEncoding = 4; lastKnownFileType = sourcecode.c.h; path = DMAdView.h; sourceTree = "<group>"; };
		98BB09061915F16A007CBC52 /* DMFeedsAdView.h */ = {isa = PBXFileReference; fileEncoding = 4; lastKnownFileType = sourcecode.c.h; path = DMFeedsAdView.h; sourceTree = "<group>"; };
		98BB09071915F16A007CBC52 /* DMInterstitialAdController.h */ = {isa = PBXFileReference; fileEncoding = 4; lastKnownFileType = sourcecode.c.h; path = DMInterstitialAdController.h; sourceTree = "<group>"; };
		98BB09081915F16A007CBC52 /* DMRTSplashAdController.h */ = {isa = PBXFileReference; fileEncoding = 4; lastKnownFileType = sourcecode.c.h; path = DMRTSplashAdController.h; sourceTree = "<group>"; };
		98BB09091915F16A007CBC52 /* DMSplashAdController.h */ = {isa = PBXFileReference; fileEncoding = 4; lastKnownFileType = sourcecode.c.h; path = DMSplashAdController.h; sourceTree = "<group>"; };
		98BB090A1915F16A007CBC52 /* DMTools.h */ = {isa = PBXFileReference; fileEncoding = 4; lastKnownFileType = sourcecode.c.h; path = DMTools.h; sourceTree = "<group>"; };
		98BB090C1915F16A007CBC52 /* DomobAdSDKBundle.bundle */ = {isa = PBXFileReference; lastKnownFileType = "wrapper.plug-in"; path = DomobAdSDKBundle.bundle; sourceTree = "<group>"; };
		98BB090D1915F16A007CBC52 /* libDomobAdSDK.a */ = {isa = PBXFileReference; lastKnownFileType = archive.ar; path = libDomobAdSDK.a; sourceTree = "<group>"; };
		98BB09101915F1BC007CBC52 /* Security.framework */ = {isa = PBXFileReference; lastKnownFileType = wrapper.framework; name = Security.framework; path = System/Library/Frameworks/Security.framework; sourceTree = SDKROOT; };
		98BB09121915F1CA007CBC52 /* CoreTelephony.framework */ = {isa = PBXFileReference; lastKnownFileType = wrapper.framework; name = CoreTelephony.framework; path = System/Library/Frameworks/CoreTelephony.framework; sourceTree = SDKROOT; };
		98BB09141915F1DF007CBC52 /* CFNetwork.framework */ = {isa = PBXFileReference; lastKnownFileType = wrapper.framework; name = CFNetwork.framework; path = System/Library/Frameworks/CFNetwork.framework; sourceTree = SDKROOT; };
		98BB09161915F1F2007CBC52 /* MobileCoreServices.framework */ = {isa = PBXFileReference; lastKnownFileType = wrapper.framework; name = MobileCoreServices.framework; path = System/Library/Frameworks/MobileCoreServices.framework; sourceTree = SDKROOT; };
		98BB09181915F1FF007CBC52 /* libz.dylib */ = {isa = PBXFileReference; lastKnownFileType = "compiled.mach-o.dylib"; name = libz.dylib; path = usr/lib/libz.dylib; sourceTree = SDKROOT; };
		98BB091A1915F20D007CBC52 /* CoreMedia.framework */ = {isa = PBXFileReference; lastKnownFileType = wrapper.framework; name = CoreMedia.framework; path = System/Library/Frameworks/CoreMedia.framework; sourceTree = SDKROOT; };
		98BB091C1915F21D007CBC52 /* MediaPlayer.framework */ = {isa = PBXFileReference; lastKnownFileType = wrapper.framework; name = MediaPlayer.framework; path = System/Library/Frameworks/MediaPlayer.framework; sourceTree = SDKROOT; };
		98BB091E1915F236007CBC52 /* QuartzCore.framework */ = {isa = PBXFileReference; lastKnownFileType = wrapper.framework; name = QuartzCore.framework; path = System/Library/Frameworks/QuartzCore.framework; sourceTree = SDKROOT; };
		98BB09201915F242007CBC52 /* CoreText.framework */ = {isa = PBXFileReference; lastKnownFileType = wrapper.framework; name = CoreText.framework; path = System/Library/Frameworks/CoreText.framework; sourceTree = SDKROOT; };
		98BB09221915F24E007CBC52 /* AdSupport.framework */ = {isa = PBXFileReference; lastKnownFileType = wrapper.framework; name = AdSupport.framework; path = System/Library/Frameworks/AdSupport.framework; sourceTree = SDKROOT; };
		98BB09241915F25D007CBC52 /* CoreLocation.framework */ = {isa = PBXFileReference; lastKnownFileType = wrapper.framework; name = CoreLocation.framework; path = System/Library/Frameworks/CoreLocation.framework; sourceTree = SDKROOT; };
		98BB09281915F28A007CBC52 /* Social.framework */ = {isa = PBXFileReference; lastKnownFileType = wrapper.framework; name = Social.framework; path = System/Library/Frameworks/Social.framework; sourceTree = SDKROOT; };
		98BB092A1915F295007CBC52 /* EventKit.framework */ = {isa = PBXFileReference; lastKnownFileType = wrapper.framework; name = EventKit.framework; path = System/Library/Frameworks/EventKit.framework; sourceTree = SDKROOT; };
		98BB092C1915F2BD007CBC52 /* libsqlite3.dylib */ = {isa = PBXFileReference; lastKnownFileType = "compiled.mach-o.dylib"; name = libsqlite3.dylib; path = usr/lib/libsqlite3.dylib; sourceTree = SDKROOT; };
		98BD1AAA1900E39D0049843E /* ios-social-sdk-shake.html */ = {isa = PBXFileReference; fileEncoding = 4; lastKnownFileType = text.html; path = "ios-social-sdk-shake.html"; sourceTree = "<group>"; };
		98BD1AAB1900E39D0049843E /* libUMSocial_Sdk_ScreenShot_1.0.a */ = {isa = PBXFileReference; lastKnownFileType = archive.ar; path = libUMSocial_Sdk_ScreenShot_1.0.a; sourceTree = "<group>"; };
		98BD1AAC1900E39D0049843E /* UMSocialScreenShoter.h */ = {isa = PBXFileReference; fileEncoding = 4; lastKnownFileType = sourcecode.c.h; path = UMSocialScreenShoter.h; sourceTree = "<group>"; };
		98BD1AAE1900E39D0049843E /* libSocialWechat.a */ = {isa = PBXFileReference; lastKnownFileType = archive.ar; path = libSocialWechat.a; sourceTree = "<group>"; };
		98BD1AAF1900E39D0049843E /* libWeChatSDK.a */ = {isa = PBXFileReference; lastKnownFileType = archive.ar; path = libWeChatSDK.a; sourceTree = "<group>"; };
		98BD1AB01900E39D0049843E /* UMSocialWechatHandler.h */ = {isa = PBXFileReference; fileEncoding = 4; lastKnownFileType = sourcecode.c.h; path = UMSocialWechatHandler.h; sourceTree = "<group>"; };
		98BD1AB11900E39D0049843E /* WXApi.h */ = {isa = PBXFileReference; fileEncoding = 4; lastKnownFileType = sourcecode.c.h; path = WXApi.h; sourceTree = "<group>"; };
		98BD1AB21900E39D0049843E /* WXApiObject.h */ = {isa = PBXFileReference; fileEncoding = 4; lastKnownFileType = sourcecode.c.h; path = WXApiObject.h; sourceTree = "<group>"; };
		98BD1AB7190100C40049843E /* EGORefreshTableHeaderView.h */ = {isa = PBXFileReference; fileEncoding = 4; lastKnownFileType = sourcecode.c.h; path = EGORefreshTableHeaderView.h; sourceTree = "<group>"; };
		98BD1AB8190100C40049843E /* EGORefreshTableHeaderView.m */ = {isa = PBXFileReference; fileEncoding = 4; lastKnownFileType = sourcecode.c.objc; path = EGORefreshTableHeaderView.m; sourceTree = "<group>"; };
		98EE2FCD18C471AB0096D962 /* LWMenuViewController.h */ = {isa = PBXFileReference; fileEncoding = 4; lastKnownFileType = sourcecode.c.h; path = LWMenuViewController.h; sourceTree = "<group>"; };
		98EE2FCE18C471AB0096D962 /* LWMenuViewController.m */ = {isa = PBXFileReference; fileEncoding = 4; lastKnownFileType = sourcecode.c.objc; path = LWMenuViewController.m; sourceTree = "<group>"; };
		98EE2FD518C4A3600096D962 /* AGNavigationController.h */ = {isa = PBXFileReference; fileEncoding = 4; lastKnownFileType = sourcecode.c.h; path = AGNavigationController.h; sourceTree = "<group>"; };
		98EE2FD618C4A3600096D962 /* AGNavigationController.m */ = {isa = PBXFileReference; fileEncoding = 4; lastKnownFileType = sourcecode.c.objc; path = AGNavigationController.m; sourceTree = "<group>"; };
		98EE2FD918C4A3600096D962 /* AGViewController.h */ = {isa = PBXFileReference; fileEncoding = 4; lastKnownFileType = sourcecode.c.h; path = AGViewController.h; sourceTree = "<group>"; };
		98EE2FDA18C4A3600096D962 /* AGViewController.m */ = {isa = PBXFileReference; fileEncoding = 4; lastKnownFileType = sourcecode.c.objc; path = AGViewController.m; sourceTree = "<group>"; };
		98EE2FDE18C4B1B00096D962 /* MSMenuCell.h */ = {isa = PBXFileReference; fileEncoding = 4; lastKnownFileType = sourcecode.c.h; path = MSMenuCell.h; sourceTree = "<group>"; };
		98EE2FDF18C4B1B00096D962 /* MSMenuCell.m */ = {isa = PBXFileReference; fileEncoding = 4; lastKnownFileType = sourcecode.c.objc; path = MSMenuCell.m; sourceTree = "<group>"; };
		98EE2FE018C4B1B00096D962 /* MSMenuTableViewHeader.h */ = {isa = PBXFileReference; fileEncoding = 4; lastKnownFileType = sourcecode.c.h; path = MSMenuTableViewHeader.h; sourceTree = "<group>"; };
		98EE2FE118C4B1B00096D962 /* MSMenuTableViewHeader.m */ = {isa = PBXFileReference; fileEncoding = 4; lastKnownFileType = sourcecode.c.objc; path = MSMenuTableViewHeader.m; sourceTree = "<group>"; };
		A0CEFF051990AFC100D0B32E /* libXG-SDK.a */ = {isa = PBXFileReference; lastKnownFileType = archive.ar; path = "libXG-SDK.a"; sourceTree = "<group>"; };
		A0CEFF061990AFC100D0B32E /* ReleaseNotes.txt */ = {isa = PBXFileReference; fileEncoding = 4; lastKnownFileType = text; path = ReleaseNotes.txt; sourceTree = "<group>"; };
		A0CEFF071990AFC100D0B32E /* XGPush.h */ = {isa = PBXFileReference; fileEncoding = 4; lastKnownFileType = sourcecode.c.h; path = XGPush.h; sourceTree = "<group>"; };
		B2A5D17E575D846B477B1966 /* Pods-loveWeather.debug.xcconfig */ = {isa = PBXFileReference; includeInIndex = 1; lastKnownFileType = text.xcconfig; name = "Pods-loveWeather.debug.xcconfig"; path = "Pods/Target Support Files/Pods-loveWeather/Pods-loveWeather.debug.xcconfig"; sourceTree = "<group>"; };
		C028EED1FAB975DB1092C6BB /* Pods-loveWeather.release.xcconfig */ = {isa = PBXFileReference; includeInIndex = 1; lastKnownFileType = text.xcconfig; name = "Pods-loveWeather.release.xcconfig"; path = "Pods/Target Support Files/Pods-loveWeather/Pods-loveWeather.release.xcconfig"; sourceTree = "<group>"; };
		FAEDE4865EF7424189924365 /* libPods-loveWeather.a */ = {isa = PBXFileReference; explicitFileType = archive.ar; includeInIndex = 0; path = "libPods-loveWeather.a"; sourceTree = BUILT_PRODUCTS_DIR; };
/* End PBXFileReference section */

/* Begin PBXFrameworksBuildPhase section */
		981A18C218BE0B7400B0CF75 /* Frameworks */ = {
			isa = PBXFrameworksBuildPhase;
			buildActionMask = 2147483647;
			files = (
				989A8A4618E1356F00055237 /* SystemConfiguration.framework in Frameworks */,
				98BB092D1915F2BD007CBC52 /* libsqlite3.dylib in Frameworks */,
				989A8A4218E1354C00055237 /* AudioToolbox.framework in Frameworks */,
				989A8A4818E136FE00055237 /* AVFoundation.framework in Frameworks */,
				98BB092B1915F295007CBC52 /* EventKit.framework in Frameworks */,
				98BB09291915F28A007CBC52 /* Social.framework in Frameworks */,
				9834C43C1932F1C00015BAB7 /* PassKit.framework in Frameworks */,
				98BB09251915F25D007CBC52 /* CoreLocation.framework in Frameworks */,
				98BB09231915F24E007CBC52 /* AdSupport.framework in Frameworks */,
				98BB09211915F242007CBC52 /* CoreText.framework in Frameworks */,
				98BB091F1915F236007CBC52 /* QuartzCore.framework in Frameworks */,
				98BB091D1915F21D007CBC52 /* MediaPlayer.framework in Frameworks */,
				A0CEFF081990AFC100D0B32E /* libXG-SDK.a in Frameworks */,
				98BB091B1915F20D007CBC52 /* CoreMedia.framework in Frameworks */,
				98BB09191915F1FF007CBC52 /* libz.dylib in Frameworks */,
				98BB09171915F1F2007CBC52 /* MobileCoreServices.framework in Frameworks */,
				9834C43A1932F1B00015BAB7 /* StoreKit.framework in Frameworks */,
				98BB09151915F1DF007CBC52 /* CFNetwork.framework in Frameworks */,
				98BB09131915F1CA007CBC52 /* CoreTelephony.framework in Frameworks */,
				98BB09111915F1BC007CBC52 /* Security.framework in Frameworks */,
				98BD1AB61900E39D0049843E /* libWeChatSDK.a in Frameworks */,
				989A8A4418E1355600055237 /* MessageUI.framework in Frameworks */,
				98BB090F1915F16A007CBC52 /* libDomobAdSDK.a in Frameworks */,
				989A8A4A18E1374800055237 /* CoreAudio.framework in Frameworks */,
				98BD1AB51900E39D0049843E /* libSocialWechat.a in Frameworks */,
				981A18CB18BE0B7400B0CF75 /* CoreGraphics.framework in Frameworks */,
				981A18CF18BE0B7400B0CF75 /* CoreData.framework in Frameworks */,
				981A18CD18BE0B7400B0CF75 /* UIKit.framework in Frameworks */,
				981A18C918BE0B7400B0CF75 /* Foundation.framework in Frameworks */,
				360DD1780B244FD4AFB37684 /* libPods-loveWeather.a in Frameworks */,
				98BD1AB41900E39D0049843E /* libUMSocial_Sdk_ScreenShot_1.0.a in Frameworks */,
			);
			runOnlyForDeploymentPostprocessing = 0;
		};
		981A18E218BE0B7500B0CF75 /* Frameworks */ = {
			isa = PBXFrameworksBuildPhase;
			buildActionMask = 2147483647;
			files = (
				981A18E718BE0B7500B0CF75 /* XCTest.framework in Frameworks */,
				981A18EA18BE0B7500B0CF75 /* CoreData.framework in Frameworks */,
				981A18E918BE0B7500B0CF75 /* UIKit.framework in Frameworks */,
				981A18E818BE0B7500B0CF75 /* Foundation.framework in Frameworks */,
			);
			runOnlyForDeploymentPostprocessing = 0;
		};
/* End PBXFrameworksBuildPhase section */

/* Begin PBXGroup section */
		9802650D18DFE5E1000A85EF /* modelCell */ = {
			isa = PBXGroup;
			children = (
				9802650E18DFE628000A85EF /* LWAirTableViewCell.h */,
				9802650F18DFE628000A85EF /* LWAirTableViewCell.m */,
				9802651018DFE628000A85EF /* LWAirTableViewCell.xib */,
				989A89F518E0231200055237 /* LWIndexTableViewCell.h */,
				989A89F618E0231200055237 /* LWIndexTableViewCell.m */,
				989A89F718E0231200055237 /* LWIndexTableViewCell.xib */,
				989A89FA18E0303900055237 /* LWForecastTableViewCell.h */,
				989A89FB18E0303900055237 /* LWForecastTableViewCell.m */,
				989A89FC18E0303900055237 /* LWForecastTableViewCell.xib */,
				9857A7C019FFC0890027C9A3 /* LWTaoBaoCell.h */,
				9857A7C119FFC0890027C9A3 /* LWTaoBaoCell.m */,
				9857A7C219FFC0890027C9A3 /* LWTaoBaoCell.xib */,
			);
			name = modelCell;
			sourceTree = "<group>";
		};
		981A18BC18BE0B7400B0CF75 = {
			isa = PBXGroup;
			children = (
				981A18D018BE0B7400B0CF75 /* loveWeather */,
				981A18ED18BE0B7500B0CF75 /* loveWeatherTests */,
				981A18C718BE0B7400B0CF75 /* Frameworks */,
				981A18C618BE0B7400B0CF75 /* Products */,
				D1EF083B80911E9FA8A88C12 /* Pods */,
			);
			sourceTree = "<group>";
		};
		981A18C618BE0B7400B0CF75 /* Products */ = {
			isa = PBXGroup;
			children = (
				981A18C518BE0B7400B0CF75 /* loveWeather.app */,
				981A18E518BE0B7500B0CF75 /* loveWeatherTests.xctest */,
			);
			name = Products;
			sourceTree = "<group>";
		};
		981A18C718BE0B7400B0CF75 /* Frameworks */ = {
			isa = PBXGroup;
			children = (
				9834C43B1932F1C00015BAB7 /* PassKit.framework */,
				9834C4391932F1B00015BAB7 /* StoreKit.framework */,
				98BB092C1915F2BD007CBC52 /* libsqlite3.dylib */,
				98BB092A1915F295007CBC52 /* EventKit.framework */,
				98BB09281915F28A007CBC52 /* Social.framework */,
				98BB09241915F25D007CBC52 /* CoreLocation.framework */,
				98BB09221915F24E007CBC52 /* AdSupport.framework */,
				98BB09201915F242007CBC52 /* CoreText.framework */,
				98BB091E1915F236007CBC52 /* QuartzCore.framework */,
				98BB091C1915F21D007CBC52 /* MediaPlayer.framework */,
				98BB091A1915F20D007CBC52 /* CoreMedia.framework */,
				98BB09181915F1FF007CBC52 /* libz.dylib */,
				98BB09161915F1F2007CBC52 /* MobileCoreServices.framework */,
				98BB09141915F1DF007CBC52 /* CFNetwork.framework */,
				98BB09121915F1CA007CBC52 /* CoreTelephony.framework */,
				98BB09101915F1BC007CBC52 /* Security.framework */,
				989A8A4918E1374800055237 /* CoreAudio.framework */,
				989A8A4718E136FE00055237 /* AVFoundation.framework */,
				989A8A4518E1356F00055237 /* SystemConfiguration.framework */,
				989A8A4318E1355600055237 /* MessageUI.framework */,
				989A8A4118E1354C00055237 /* AudioToolbox.framework */,
				981A18C818BE0B7400B0CF75 /* Foundation.framework */,
				981A18CA18BE0B7400B0CF75 /* CoreGraphics.framework */,
				981A18CC18BE0B7400B0CF75 /* UIKit.framework */,
				981A18CE18BE0B7400B0CF75 /* CoreData.framework */,
				981A18E618BE0B7500B0CF75 /* XCTest.framework */,
				FAEDE4865EF7424189924365 /* libPods-loveWeather.a */,
			);
			name = Frameworks;
			sourceTree = "<group>";
		};
		981A18D018BE0B7400B0CF75 /* loveWeather */ = {
			isa = PBXGroup;
			children = (
				9834C4381932F18B0015BAB7 /* loveWeather.entitlements */,
				A0CEFF041990AFC100D0B32E /* XgSDK */,
				98BB09041915F16A007CBC52 /* DomobAdSDK */,
				98BD1AA81900E39D0049843E /* UMeng_Extra */,
				984B24C718EE67F700C9E795 /* Reminder */,
				98386C4D18E2E3BC00F60899 /* More */,
				988089C218D814BC00332C6A /* Utility */,
				98EE2FD418C4A3600096D962 /* Base */,
				98EE2FD018C4A13A0096D962 /* weather */,
				98EE2FCC18C4719D0096D962 /* Menu */,
				981A18D918BE0B7400B0CF75 /* LWAppDelegate.h */,
				981A18DA18BE0B7400B0CF75 /* LWAppDelegate.m */,
				981A18DF18BE0B7500B0CF75 /* Images.xcassets */,
				981A18DC18BE0B7400B0CF75 /* loveWeather.xcdatamodeld */,
				981A18D118BE0B7400B0CF75 /* Supporting Files */,
			);
			path = loveWeather;
			sourceTree = "<group>";
		};
		981A18D118BE0B7400B0CF75 /* Supporting Files */ = {
			isa = PBXGroup;
			children = (
				981A18D218BE0B7400B0CF75 /* loveWeather-Info.plist */,
				981A18D318BE0B7400B0CF75 /* InfoPlist.strings */,
				981A18D618BE0B7400B0CF75 /* main.m */,
				981A18D818BE0B7400B0CF75 /* loveWeather-Prefix.pch */,
			);
			name = "Supporting Files";
			sourceTree = "<group>";
		};
		981A18ED18BE0B7500B0CF75 /* loveWeatherTests */ = {
			isa = PBXGroup;
			children = (
				981A18F318BE0B7500B0CF75 /* loveWeatherTests.m */,
				981A18EE18BE0B7500B0CF75 /* Supporting Files */,
			);
			path = loveWeatherTests;
			sourceTree = "<group>";
		};
		981A18EE18BE0B7500B0CF75 /* Supporting Files */ = {
			isa = PBXGroup;
			children = (
				981A18EF18BE0B7500B0CF75 /* loveWeatherTests-Info.plist */,
				981A18F018BE0B7500B0CF75 /* InfoPlist.strings */,
			);
			name = "Supporting Files";
			sourceTree = "<group>";
		};
		98386C4D18E2E3BC00F60899 /* More */ = {
			isa = PBXGroup;
			children = (
				98386C4E18E2E49100F60899 /* LWCitiesManagerViewController.h */,
				98386C4F18E2E49100F60899 /* LWCitiesManagerViewController.m */,
				982B17B418E3C7CD00EF9CF2 /* LWAboutViewController.h */,
				982B17B518E3C7CD00EF9CF2 /* LWAboutViewController.m */,
				982B17B618E3C7CD00EF9CF2 /* LWAboutViewController.xib */,
				9866B3DD19F7E20200E7144E /* LWWebViewController.h */,
				9866B3DE19F7E20200E7144E /* LWWebViewController.m */,
				9866B3DF19F7E20200E7144E /* LWWebViewController.xib */,
			);
			path = More;
			sourceTree = "<group>";
		};
		984B24C718EE67F700C9E795 /* Reminder */ = {
			isa = PBXGroup;
			children = (
				984B24C818EE680800C9E795 /* LWReminderTableViewController.h */,
				984B24C918EE680800C9E795 /* LWReminderTableViewController.m */,
			);
			path = Reminder;
			sourceTree = "<group>";
		};
		988089C218D814BC00332C6A /* Utility */ = {
			isa = PBXGroup;
			children = (
				98BD1AB7190100C40049843E /* EGORefreshTableHeaderView.h */,
				98BD1AB8190100C40049843E /* EGORefreshTableHeaderView.m */,
				9802650A18DFE452000A85EF /* UIImage+Additions.h */,
				9802650B18DFE452000A85EF /* UIImage+Additions.m */,
				988089C318D814D300332C6A /* NSObject+NSJSONSerialization.h */,
				988089C418D814D300332C6A /* NSObject+NSJSONSerialization.m */,
			);
			path = Utility;
			sourceTree = "<group>";
		};
		98BB09041915F16A007CBC52 /* DomobAdSDK */ = {
			isa = PBXGroup;
			children = (
				98BB09051915F16A007CBC52 /* DMAdView.h */,
				98BB09061915F16A007CBC52 /* DMFeedsAdView.h */,
				98BB09071915F16A007CBC52 /* DMInterstitialAdController.h */,
				98BB09081915F16A007CBC52 /* DMRTSplashAdController.h */,
				98BB09091915F16A007CBC52 /* DMSplashAdController.h */,
				98BB090A1915F16A007CBC52 /* DMTools.h */,
				98BB090B1915F16A007CBC52 /* DomobAdSDKBundle */,
				98BB090D1915F16A007CBC52 /* libDomobAdSDK.a */,
			);
			path = DomobAdSDK;
			sourceTree = "<group>";
		};
		98BB090B1915F16A007CBC52 /* DomobAdSDKBundle */ = {
			isa = PBXGroup;
			children = (
				98BB090C1915F16A007CBC52 /* DomobAdSDKBundle.bundle */,
			);
			path = DomobAdSDKBundle;
			sourceTree = "<group>";
		};
		98BD1AA81900E39D0049843E /* UMeng_Extra */ = {
			isa = PBXGroup;
			children = (
				98BD1AA91900E39D0049843E /* UMSocial_ScreenShot_Sdk */,
				98BD1AAD1900E39D0049843E /* Wechat */,
			);
			path = UMeng_Extra;
			sourceTree = "<group>";
		};
		98BD1AA91900E39D0049843E /* UMSocial_ScreenShot_Sdk */ = {
			isa = PBXGroup;
			children = (
				98BD1AAA1900E39D0049843E /* ios-social-sdk-shake.html */,
				98BD1AAB1900E39D0049843E /* libUMSocial_Sdk_ScreenShot_1.0.a */,
				98BD1AAC1900E39D0049843E /* UMSocialScreenShoter.h */,
			);
			path = UMSocial_ScreenShot_Sdk;
			sourceTree = "<group>";
		};
		98BD1AAD1900E39D0049843E /* Wechat */ = {
			isa = PBXGroup;
			children = (
				98BD1AAE1900E39D0049843E /* libSocialWechat.a */,
				98BD1AAF1900E39D0049843E /* libWeChatSDK.a */,
				98BD1AB01900E39D0049843E /* UMSocialWechatHandler.h */,
				98BD1AB11900E39D0049843E /* WXApi.h */,
				98BD1AB21900E39D0049843E /* WXApiObject.h */,
			);
			path = Wechat;
			sourceTree = "<group>";
		};
		98EE2FCC18C4719D0096D962 /* Menu */ = {
			isa = PBXGroup;
			children = (
				98EE2FDE18C4B1B00096D962 /* MSMenuCell.h */,
				98EE2FDF18C4B1B00096D962 /* MSMenuCell.m */,
				98EE2FE018C4B1B00096D962 /* MSMenuTableViewHeader.h */,
				98EE2FE118C4B1B00096D962 /* MSMenuTableViewHeader.m */,
				98EE2FCD18C471AB0096D962 /* LWMenuViewController.h */,
				98EE2FCE18C471AB0096D962 /* LWMenuViewController.m */,
			);
			path = Menu;
			sourceTree = "<group>";
		};
		98EE2FD018C4A13A0096D962 /* weather */ = {
			isa = PBXGroup;
			children = (
				9802650D18DFE5E1000A85EF /* modelCell */,
				988089C918D84C9800332C6A /* LWWeaterModel.h */,
				988089CA18D84C9800332C6A /* LWWeaterModel.m */,
				988089CC18D974D000332C6A /* LWWeatherConditionView.h */,
				988089CD18D974D000332C6A /* LWWeatherConditionView.m */,
				98386C3D18E18E1C00F60899 /* LWDataManager.h */,
				98386C3E18E18E1C00F60899 /* LWDataManager.m */,
				98386C4318E1A34000F60899 /* LWViewController.h */,
				98386C4818E1A47F00F60899 /* LWCitySearchController.h */,
				98386C4918E1A47F00F60899 /* LWCitySearchController.m */,
				98386C4A18E1A47F00F60899 /* LWCitySearchController.xib */,
				98B54DD918E974B6007ECD40 /* LWTextView.h */,
				98B54DDA18E974B6007ECD40 /* LWTextView.m */,
			);
			path = weather;
			sourceTree = "<group>";
		};
		98EE2FD418C4A3600096D962 /* Base */ = {
			isa = PBXGroup;
			children = (
				982B17B118E3BDA200EF9CF2 /* LWTableViewController.h */,
				982B17B218E3BDA200EF9CF2 /* LWTableViewController.m */,
				98EE2FD518C4A3600096D962 /* AGNavigationController.h */,
				98EE2FD618C4A3600096D962 /* AGNavigationController.m */,
				98EE2FD918C4A3600096D962 /* AGViewController.h */,
				98EE2FDA18C4A3600096D962 /* AGViewController.m */,
				988089BF18D7FF4600332C6A /* LWPullRefreshTableViewController.h */,
				988089C018D7FF4600332C6A /* LWPullRefreshTableViewController.m */,
				982B17B918E422F700EF9CF2 /* LWRefreshTableHeaderView.h */,
				982B17BA18E422F700EF9CF2 /* LWRefreshTableHeaderView.m */,
			);
			path = Base;
			sourceTree = "<group>";
		};
		A0CEFF041990AFC100D0B32E /* XgSDK */ = {
			isa = PBXGroup;
			children = (
				A0CEFF051990AFC100D0B32E /* libXG-SDK.a */,
				A0CEFF061990AFC100D0B32E /* ReleaseNotes.txt */,
				A0CEFF071990AFC100D0B32E /* XGPush.h */,
			);
			path = XgSDK;
			sourceTree = "<group>";
		};
		D1EF083B80911E9FA8A88C12 /* Pods */ = {
			isa = PBXGroup;
			children = (
				B2A5D17E575D846B477B1966 /* Pods-loveWeather.debug.xcconfig */,
				C028EED1FAB975DB1092C6BB /* Pods-loveWeather.release.xcconfig */,
			);
			name = Pods;
			sourceTree = "<group>";
		};
/* End PBXGroup section */

/* Begin PBXNativeTarget section */
		981A18C418BE0B7400B0CF75 /* loveWeather */ = {
			isa = PBXNativeTarget;
			buildConfigurationList = 981A18F718BE0B7500B0CF75 /* Build configuration list for PBXNativeTarget "loveWeather" */;
			buildPhases = (
				F6FF289660144431955EDBA2 /* Check Pods Manifest.lock */,
				981A18C118BE0B7400B0CF75 /* Sources */,
				981A18C218BE0B7400B0CF75 /* Frameworks */,
				981A18C318BE0B7400B0CF75 /* Resources */,
				99B97B219EFA49F7A510115E /* Copy Pods Resources */,
			);
			buildRules = (
			);
			dependencies = (
			);
			name = loveWeather;
			productName = loveWeather;
			productReference = 981A18C518BE0B7400B0CF75 /* loveWeather.app */;
			productType = "com.apple.product-type.application";
		};
		981A18E418BE0B7500B0CF75 /* loveWeatherTests */ = {
			isa = PBXNativeTarget;
			buildConfigurationList = 981A18FA18BE0B7500B0CF75 /* Build configuration list for PBXNativeTarget "loveWeatherTests" */;
			buildPhases = (
				981A18E118BE0B7500B0CF75 /* Sources */,
				981A18E218BE0B7500B0CF75 /* Frameworks */,
				981A18E318BE0B7500B0CF75 /* Resources */,
			);
			buildRules = (
			);
			dependencies = (
				981A18EC18BE0B7500B0CF75 /* PBXTargetDependency */,
			);
			name = loveWeatherTests;
			productName = loveWeatherTests;
			productReference = 981A18E518BE0B7500B0CF75 /* loveWeatherTests.xctest */;
			productType = "com.apple.product-type.bundle.unit-test";
		};
/* End PBXNativeTarget section */

/* Begin PBXProject section */
		981A18BD18BE0B7400B0CF75 /* Project object */ = {
			isa = PBXProject;
			attributes = {
				CLASSPREFIX = LW;
				LastUpgradeCheck = 0510;
				ORGANIZATIONNAME = WingleWong;
				TargetAttributes = {
					981A18C418BE0B7400B0CF75 = {
						DevelopmentTeam = P5EKF975D6;
						SystemCapabilities = {
							com.apple.InAppPurchase = {
								enabled = 1;
							};
							com.apple.Passbook = {
								enabled = 1;
							};
						};
					};
					981A18E418BE0B7500B0CF75 = {
						TestTargetID = 981A18C418BE0B7400B0CF75;
					};
				};
			};
			buildConfigurationList = 981A18C018BE0B7400B0CF75 /* Build configuration list for PBXProject "loveWeather" */;
			compatibilityVersion = "Xcode 3.2";
			developmentRegion = English;
			hasScannedForEncodings = 0;
			knownRegions = (
				en,
				"zh-Hans",
			);
			mainGroup = 981A18BC18BE0B7400B0CF75;
			productRefGroup = 981A18C618BE0B7400B0CF75 /* Products */;
			projectDirPath = "";
			projectRoot = "";
			targets = (
				981A18C418BE0B7400B0CF75 /* loveWeather */,
				981A18E418BE0B7500B0CF75 /* loveWeatherTests */,
			);
		};
/* End PBXProject section */

/* Begin PBXResourcesBuildPhase section */
		981A18C318BE0B7400B0CF75 /* Resources */ = {
			isa = PBXResourcesBuildPhase;
			buildActionMask = 2147483647;
			files = (
				981A18D518BE0B7400B0CF75 /* InfoPlist.strings in Resources */,
				9802651218DFE628000A85EF /* LWAirTableViewCell.xib in Resources */,
				9857A7C419FFC0890027C9A3 /* LWTaoBaoCell.xib in Resources */,
				A0CEFF091990AFC100D0B32E /* ReleaseNotes.txt in Resources */,
				9866B3E119F7E20200E7144E /* LWWebViewController.xib in Resources */,
				989A89FE18E0303900055237 /* LWForecastTableViewCell.xib in Resources */,
				98BB090E1915F16A007CBC52 /* DomobAdSDKBundle.bundle in Resources */,
				981A18E018BE0B7500B0CF75 /* Images.xcassets in Resources */,
				989A89F918E0231200055237 /* LWIndexTableViewCell.xib in Resources */,
				982B17B818E3C7CD00EF9CF2 /* LWAboutViewController.xib in Resources */,
				98386C4C18E1A47F00F60899 /* LWCitySearchController.xib in Resources */,
				98BD1AB31900E39D0049843E /* ios-social-sdk-shake.html in Resources */,
			);
			runOnlyForDeploymentPostprocessing = 0;
		};
		981A18E318BE0B7500B0CF75 /* Resources */ = {
			isa = PBXResourcesBuildPhase;
			buildActionMask = 2147483647;
			files = (
				981A18F218BE0B7500B0CF75 /* InfoPlist.strings in Resources */,
			);
			runOnlyForDeploymentPostprocessing = 0;
		};
/* End PBXResourcesBuildPhase section */

/* Begin PBXShellScriptBuildPhase section */
		99B97B219EFA49F7A510115E /* Copy Pods Resources */ = {
			isa = PBXShellScriptBuildPhase;
			buildActionMask = 2147483647;
			files = (
			);
			inputPaths = (
			);
			name = "Copy Pods Resources";
			outputPaths = (
			);
			runOnlyForDeploymentPostprocessing = 0;
			shellPath = /bin/sh;
			shellScript = "\"${SRCROOT}/Pods/Target Support Files/Pods-loveWeather/Pods-loveWeather-resources.sh\"\n";
			showEnvVarsInLog = 0;
		};
		F6FF289660144431955EDBA2 /* Check Pods Manifest.lock */ = {
			isa = PBXShellScriptBuildPhase;
			buildActionMask = 2147483647;
			files = (
			);
			inputPaths = (
			);
			name = "Check Pods Manifest.lock";
			outputPaths = (
			);
			runOnlyForDeploymentPostprocessing = 0;
			shellPath = /bin/sh;
			shellScript = "diff \"${PODS_ROOT}/../Podfile.lock\" \"${PODS_ROOT}/Manifest.lock\" > /dev/null\nif [[ $? != 0 ]] ; then\n    cat << EOM\nerror: The sandbox is not in sync with the Podfile.lock. Run 'pod install' or update your CocoaPods installation.\nEOM\n    exit 1\nfi\n";
			showEnvVarsInLog = 0;
		};
/* End PBXShellScriptBuildPhase section */

/* Begin PBXSourcesBuildPhase section */
		981A18C118BE0B7400B0CF75 /* Sources */ = {
			isa = PBXSourcesBuildPhase;
			buildActionMask = 2147483647;
			files = (
				98386C5118E2E49100F60899 /* LWCitiesManagerViewController.m in Sources */,
				98EE2FCF18C471AB0096D962 /* LWMenuViewController.m in Sources */,
				98BD1AB9190100C40049843E /* EGORefreshTableHeaderView.m in Sources */,
				98EE2FE318C4B1B00096D962 /* MSMenuTableViewHeader.m in Sources */,
				982B17B318E3BDA200EF9CF2 /* LWTableViewController.m in Sources */,
				989A89FD18E0303900055237 /* LWForecastTableViewCell.m in Sources */,
				981A18D718BE0B7400B0CF75 /* main.m in Sources */,
				9802651118DFE628000A85EF /* LWAirTableViewCell.m in Sources */,
				988089C518D814D300332C6A /* NSObject+NSJSONSerialization.m in Sources */,
				9802650C18DFE452000A85EF /* UIImage+Additions.m in Sources */,
				988089CB18D84C9800332C6A /* LWWeaterModel.m in Sources */,
				984B24CA18EE680800C9E795 /* LWReminderTableViewController.m in Sources */,
				988089CE18D974D000332C6A /* LWWeatherConditionView.m in Sources */,
				98386C3F18E18E1C00F60899 /* LWDataManager.m in Sources */,
				98386C4B18E1A47F00F60899 /* LWCitySearchController.m in Sources */,
				989A89F818E0231200055237 /* LWIndexTableViewCell.m in Sources */,
				98B54DDB18E974B6007ECD40 /* LWTextView.m in Sources */,
				9857A7C319FFC0890027C9A3 /* LWTaoBaoCell.m in Sources */,
				98EE2FDD18C4A3600096D962 /* AGViewController.m in Sources */,
				98EE2FDB18C4A3600096D962 /* AGNavigationController.m in Sources */,
				982B17B718E3C7CD00EF9CF2 /* LWAboutViewController.m in Sources */,
				9866B3E019F7E20200E7144E /* LWWebViewController.m in Sources */,
				982B17BB18E422F700EF9CF2 /* LWRefreshTableHeaderView.m in Sources */,
				988089C118D7FF4600332C6A /* LWPullRefreshTableViewController.m in Sources */,
				981A18DB18BE0B7400B0CF75 /* LWAppDelegate.m in Sources */,
				981A18DE18BE0B7400B0CF75 /* loveWeather.xcdatamodeld in Sources */,
				98EE2FE218C4B1B00096D962 /* MSMenuCell.m in Sources */,
			);
			runOnlyForDeploymentPostprocessing = 0;
		};
		981A18E118BE0B7500B0CF75 /* Sources */ = {
			isa = PBXSourcesBuildPhase;
			buildActionMask = 2147483647;
			files = (
				981A18F418BE0B7500B0CF75 /* loveWeatherTests.m in Sources */,
			);
			runOnlyForDeploymentPostprocessing = 0;
		};
/* End PBXSourcesBuildPhase section */

/* Begin PBXTargetDependency section */
		981A18EC18BE0B7500B0CF75 /* PBXTargetDependency */ = {
			isa = PBXTargetDependency;
			target = 981A18C418BE0B7400B0CF75 /* loveWeather */;
			targetProxy = 981A18EB18BE0B7500B0CF75 /* PBXContainerItemProxy */;
		};
/* End PBXTargetDependency section */

/* Begin PBXVariantGroup section */
		981A18D318BE0B7400B0CF75 /* InfoPlist.strings */ = {
			isa = PBXVariantGroup;
			children = (
				981A18D418BE0B7400B0CF75 /* en */,
				984B24CE18EEA4B700C9E795 /* zh-Hans */,
			);
			name = InfoPlist.strings;
			sourceTree = "<group>";
		};
		981A18F018BE0B7500B0CF75 /* InfoPlist.strings */ = {
			isa = PBXVariantGroup;
			children = (
				981A18F118BE0B7500B0CF75 /* en */,
				984B24CF18EEA4B700C9E795 /* zh-Hans */,
			);
			name = InfoPlist.strings;
			sourceTree = "<group>";
		};
/* End PBXVariantGroup section */

/* Begin XCBuildConfiguration section */
		981A18F518BE0B7500B0CF75 /* Debug */ = {
			isa = XCBuildConfiguration;
			buildSettings = {
				ALWAYS_SEARCH_USER_PATHS = NO;
				CLANG_CXX_LANGUAGE_STANDARD = "gnu++0x";
				CLANG_CXX_LIBRARY = "libc++";
				CLANG_ENABLE_MODULES = YES;
				CLANG_ENABLE_OBJC_ARC = YES;
				CLANG_WARN_BOOL_CONVERSION = YES;
				CLANG_WARN_CONSTANT_CONVERSION = YES;
				CLANG_WARN_DIRECT_OBJC_ISA_USAGE = YES_ERROR;
				CLANG_WARN_EMPTY_BODY = YES;
				CLANG_WARN_ENUM_CONVERSION = YES;
				CLANG_WARN_INT_CONVERSION = YES;
				CLANG_WARN_OBJC_ROOT_CLASS = YES_ERROR;
				CLANG_WARN__DUPLICATE_METHOD_MATCH = YES;
				"CODE_SIGN_IDENTITY[sdk=iphoneos*]" = "iPhone Developer";
				COPY_PHASE_STRIP = NO;
				GCC_C_LANGUAGE_STANDARD = gnu99;
				GCC_DYNAMIC_NO_PIC = NO;
				GCC_OPTIMIZATION_LEVEL = 0;
				GCC_PREPROCESSOR_DEFINITIONS = (
					"DEBUG=1",
					"$(inherited)",
				);
				GCC_SYMBOLS_PRIVATE_EXTERN = NO;
				GCC_WARN_64_TO_32_BIT_CONVERSION = YES;
				GCC_WARN_ABOUT_RETURN_TYPE = YES_ERROR;
				GCC_WARN_UNDECLARED_SELECTOR = YES;
				GCC_WARN_UNINITIALIZED_AUTOS = YES;
				GCC_WARN_UNUSED_FUNCTION = YES;
				GCC_WARN_UNUSED_VARIABLE = YES;
				IPHONEOS_DEPLOYMENT_TARGET = 7.0;
				ONLY_ACTIVE_ARCH = YES;
				SDKROOT = iphoneos;
			};
			name = Debug;
		};
		981A18F618BE0B7500B0CF75 /* Release */ = {
			isa = XCBuildConfiguration;
			buildSettings = {
				ALWAYS_SEARCH_USER_PATHS = NO;
				CLANG_CXX_LANGUAGE_STANDARD = "gnu++0x";
				CLANG_CXX_LIBRARY = "libc++";
				CLANG_ENABLE_MODULES = YES;
				CLANG_ENABLE_OBJC_ARC = YES;
				CLANG_WARN_BOOL_CONVERSION = YES;
				CLANG_WARN_CONSTANT_CONVERSION = YES;
				CLANG_WARN_DIRECT_OBJC_ISA_USAGE = YES_ERROR;
				CLANG_WARN_EMPTY_BODY = YES;
				CLANG_WARN_ENUM_CONVERSION = YES;
				CLANG_WARN_INT_CONVERSION = YES;
				CLANG_WARN_OBJC_ROOT_CLASS = YES_ERROR;
				CLANG_WARN__DUPLICATE_METHOD_MATCH = YES;
				"CODE_SIGN_IDENTITY[sdk=iphoneos*]" = "iPhone Developer";
				COPY_PHASE_STRIP = YES;
				ENABLE_NS_ASSERTIONS = NO;
				GCC_C_LANGUAGE_STANDARD = gnu99;
				GCC_WARN_64_TO_32_BIT_CONVERSION = YES;
				GCC_WARN_ABOUT_RETURN_TYPE = YES_ERROR;
				GCC_WARN_UNDECLARED_SELECTOR = YES;
				GCC_WARN_UNINITIALIZED_AUTOS = YES;
				GCC_WARN_UNUSED_FUNCTION = YES;
				GCC_WARN_UNUSED_VARIABLE = YES;
				IPHONEOS_DEPLOYMENT_TARGET = 7.0;
				SDKROOT = iphoneos;
				VALIDATE_PRODUCT = YES;
			};
			name = Release;
		};
		981A18F818BE0B7500B0CF75 /* Debug */ = {
			isa = XCBuildConfiguration;
			baseConfigurationReference = B2A5D17E575D846B477B1966 /* Pods-loveWeather.debug.xcconfig */;
			buildSettings = {
				ASSETCATALOG_COMPILER_APPICON_NAME = AppIcon;
				ASSETCATALOG_COMPILER_LAUNCHIMAGE_NAME = LaunchImage;
				CODE_SIGN_IDENTITY = "iPhone Developer: Qin Fang (FZHQ5464RV)";
				"CODE_SIGN_IDENTITY[sdk=iphoneos*]" = "iPhone Developer: Qin Fang (FZHQ5464RV)";
				GCC_PRECOMPILE_PREFIX_HEADER = YES;
				GCC_PREFIX_HEADER = "loveWeather/loveWeather-Prefix.pch";
				INFOPLIST_FILE = "loveWeather/loveWeather-Info.plist";
				LIBRARY_SEARCH_PATHS = (
					"$(inherited)",
					"$(PROJECT_DIR)/loveWeather/UMeng_Extra/UMSocial_ScreenShot_Sdk",
					"$(PROJECT_DIR)/loveWeather/UMeng_Extra/Wechat",
					"$(PROJECT_DIR)/loveWeather/DomobAdSDK",
					"$(PROJECT_DIR)/loveWeather/XgSDK",
				);
				ONLY_ACTIVE_ARCH = NO;
				OTHER_LDFLAGS = (
					"-ObjC",
					"-lMobClickLibrary",
					"-lSocialQQ",
					"-lSocialWechat",
					"-lUMSocial_Sdk_3.3.7.1",
					"-lUMSocial_Sdk_Comment_3.3.7.1",
					"-lWeChatSDK",
					"-liconv",
					"-lsqlite3",
					"-lstdc++",
					"-lxml2",
					"-lxml2.2",
					"-lz",
					"-lz.1",
					"-framework",
					Accelerate,
					"-framework",
					CFNetwork,
					"-framework",
					CoreGraphics,
					"-framework",
					CoreTelephony,
					"-framework",
					Foundation,
					"-framework",
					ImageIO,
					"-framework",
					MobileCoreServices,
					"-framework",
					QuartzCore,
					"-framework",
					SystemConfiguration,
					"-framework",
					TencentOpenAPI,
					"-framework",
					UIKit,
					"-Objc",
					"-all_load",
					"$(inherited)",
				);
				PRODUCT_NAME = "$(TARGET_NAME)";
				PROVISIONING_PROFILE = "979D5AA5-4933-4914-AFD9-62336DCEA8AA";
				VALID_ARCHS = "armv7 armv7s";
				WRAPPER_EXTENSION = app;
			};
			name = Debug;
		};
		981A18F918BE0B7500B0CF75 /* Release */ = {
			isa = XCBuildConfiguration;
			baseConfigurationReference = C028EED1FAB975DB1092C6BB /* Pods-loveWeather.release.xcconfig */;
			buildSettings = {
				ASSETCATALOG_COMPILER_APPICON_NAME = AppIcon;
				ASSETCATALOG_COMPILER_LAUNCHIMAGE_NAME = LaunchImage;
				CODE_SIGN_IDENTITY = "iPhone Distribution: Qin Fang (P5EKF975D6)";
				"CODE_SIGN_IDENTITY[sdk=iphoneos*]" = "iPhone Distribution: Qin Fang (P5EKF975D6)";
				GCC_PRECOMPILE_PREFIX_HEADER = YES;
				GCC_PREFIX_HEADER = "loveWeather/loveWeather-Prefix.pch";
				INFOPLIST_FILE = "loveWeather/loveWeather-Info.plist";
				LIBRARY_SEARCH_PATHS = (
					"$(inherited)",
					"$(PROJECT_DIR)/loveWeather/UMeng_Extra/UMSocial_ScreenShot_Sdk",
					"$(PROJECT_DIR)/loveWeather/UMeng_Extra/Wechat",
					"$(PROJECT_DIR)/loveWeather/DomobAdSDK",
					"$(PROJECT_DIR)/loveWeather/XgSDK",
				);
				ONLY_ACTIVE_ARCH = NO;
				OTHER_LDFLAGS = (
					"-ObjC",
					"-lMobClickLibrary",
					"-lSocialQQ",
					"-lSocialWechat",
					"-lUMSocial_Sdk_3.3.7.1",
					"-lUMSocial_Sdk_Comment_3.3.7.1",
					"-lWeChatSDK",
					"-liconv",
					"-lsqlite3",
					"-lstdc++",
					"-lxml2",
					"-lxml2.2",
					"-lz",
					"-lz.1",
					"-framework",
					Accelerate,
					"-framework",
					CFNetwork,
					"-framework",
					CoreGraphics,
					"-framework",
					CoreTelephony,
					"-framework",
					Foundation,
					"-framework",
					ImageIO,
					"-framework",
					MobileCoreServices,
					"-framework",
					QuartzCore,
					"-framework",
					SystemConfiguration,
					"-framework",
					TencentOpenAPI,
					"-framework",
					UIKit,
					"-Objc",
					"-all_load",
					"$(inherited)",
				);
				PRODUCT_NAME = "$(TARGET_NAME)";
				PROVISIONING_PROFILE = "41FAEB01-88F4-4F15-8198-94C0D14E697A";
				VALID_ARCHS = "armv7 armv7s";
				WRAPPER_EXTENSION = app;
			};
			name = Release;
		};
		981A18FB18BE0B7500B0CF75 /* Debug */ = {
			isa = XCBuildConfiguration;
			baseConfigurationReference = B2A5D17E575D846B477B1966 /* Pods-loveWeather.debug.xcconfig */;
			buildSettings = {
				BUNDLE_LOADER = "$(BUILT_PRODUCTS_DIR)/loveWeather.app/loveWeather";
				FRAMEWORK_SEARCH_PATHS = (
					"$(SDKROOT)/Developer/Library/Frameworks",
					"$(inherited)",
					"$(DEVELOPER_FRAMEWORKS_DIR)",
				);
				GCC_PRECOMPILE_PREFIX_HEADER = YES;
				GCC_PREFIX_HEADER = "loveWeather/loveWeather-Prefix.pch";
				GCC_PREPROCESSOR_DEFINITIONS = (
					"DEBUG=1",
					"$(inherited)",
				);
				INFOPLIST_FILE = "loveWeatherTests/loveWeatherTests-Info.plist";
				PRODUCT_NAME = "$(TARGET_NAME)";
				TEST_HOST = "$(BUNDLE_LOADER)";
				WRAPPER_EXTENSION = xctest;
			};
			name = Debug;
		};
		981A18FC18BE0B7500B0CF75 /* Release */ = {
			isa = XCBuildConfiguration;
			baseConfigurationReference = C028EED1FAB975DB1092C6BB /* Pods-loveWeather.release.xcconfig */;
			buildSettings = {
				BUNDLE_LOADER = "$(BUILT_PRODUCTS_DIR)/loveWeather.app/loveWeather";
				FRAMEWORK_SEARCH_PATHS = (
					"$(SDKROOT)/Developer/Library/Frameworks",
					"$(inherited)",
					"$(DEVELOPER_FRAMEWORKS_DIR)",
				);
				GCC_PRECOMPILE_PREFIX_HEADER = YES;
				GCC_PREFIX_HEADER = "loveWeather/loveWeather-Prefix.pch";
				INFOPLIST_FILE = "loveWeatherTests/loveWeatherTests-Info.plist";
				PRODUCT_NAME = "$(TARGET_NAME)";
				TEST_HOST = "$(BUNDLE_LOADER)";
				WRAPPER_EXTENSION = xctest;
			};
			name = Release;
		};
/* End XCBuildConfiguration section */

/* Begin XCConfigurationList section */
		981A18C018BE0B7400B0CF75 /* Build configuration list for PBXProject "loveWeather" */ = {
			isa = XCConfigurationList;
			buildConfigurations = (
				981A18F518BE0B7500B0CF75 /* Debug */,
				981A18F618BE0B7500B0CF75 /* Release */,
			);
			defaultConfigurationIsVisible = 0;
			defaultConfigurationName = Release;
		};
		981A18F718BE0B7500B0CF75 /* Build configuration list for PBXNativeTarget "loveWeather" */ = {
			isa = XCConfigurationList;
			buildConfigurations = (
				981A18F818BE0B7500B0CF75 /* Debug */,
				981A18F918BE0B7500B0CF75 /* Release */,
			);
			defaultConfigurationIsVisible = 0;
			defaultConfigurationName = Release;
		};
		981A18FA18BE0B7500B0CF75 /* Build configuration list for PBXNativeTarget "loveWeatherTests" */ = {
			isa = XCConfigurationList;
			buildConfigurations = (
				981A18FB18BE0B7500B0CF75 /* Debug */,
				981A18FC18BE0B7500B0CF75 /* Release */,
			);
			defaultConfigurationIsVisible = 0;
			defaultConfigurationName = Release;
		};
/* End XCConfigurationList section */

/* Begin XCVersionGroup section */
		981A18DC18BE0B7400B0CF75 /* loveWeather.xcdatamodeld */ = {
			isa = XCVersionGroup;
			children = (
				981A18DD18BE0B7400B0CF75 /* loveWeather.xcdatamodel */,
			);
			currentVersion = 981A18DD18BE0B7400B0CF75 /* loveWeather.xcdatamodel */;
			path = loveWeather.xcdatamodeld;
			sourceTree = "<group>";
			versionGroupType = wrapper.xcdatamodel;
		};
/* End XCVersionGroup section */
	};
	rootObject = 981A18BD18BE0B7400B0CF75 /* Project object */;
}
